
Microsoft Visual Studio Solution File, Format Version 12.00
# Visual Studio Version 16
VisualStudioVersion = 16.0.31911.196
MinimumVisualStudioVersion = 10.0.40219.1
Project("{FAE04EC0-301F-11D3-BF4B-00C04F79EFBC}") = "BookListMVC", "BookListMVC\BookListMVC.csproj", "{6A640F50-EBF3-4689-B96D-398E8596C568}"
EndProject
Global
	GlobalSection(SolutionConfigurationPlatforms) = preSolution
		Debug|Any CPU = Debug|Any CPU
		Release|Any CPU = Release|Any CPU
	EndGlobalSection
	GlobalSection(ProjectConfigurationPlatforms) = postSolution
		{6A640F50-EBF3-4689-B96D-398E8596C568}.Debug|Any CPU.ActiveCfg = Debug|Any CPU
		{6A640F50-EBF3-4689-B96D-398E8596C568}.Debug|Any CPU.Build.0 = Debug|Any CPU
		{6A640F50-EBF3-4689-B96D-398E8596C568}.Release|Any CPU.ActiveCfg = Release|Any CPU
		{6A640F50-EBF3-4689-B96D-398E8596C568}.Release|Any CPU.Build.0 = Release|Any CPU
	EndGlobalSection
	GlobalSection(SolutionProperties) = preSolution
		HideSolutionNode = FALSE
	EndGlobalSection
	GlobalSection(ExtensibilityGlobals) = postSolution
		SolutionGuid = {FCE2B93E-A276-4F00-B61B-89686050464D}
	EndGlobalSection
EndGlobal
